// !$*UTF8*$!
{
	archiveVersion = 1;
	classes = {
	};
	objectVersion = 46;
	objects = {

/* Begin PBXBuildFile section */
		B494246A17C63EA7004308A1 /* IMG_7999.jpg in Resources */ = {isa = PBXBuildFile; fileRef = B494246917C63EA6004308A1 /* IMG_7999.jpg */; };
		B494246D17C6445D004308A1 /* ASMImageCropView.m in Sources */ = {isa = PBXBuildFile; fileRef = B494246C17C6445D004308A1 /* ASMImageCropView.m */; };
		B4C2B75817C6271C001B95F3 /* Foundation.framework in Frameworks */ = {isa = PBXBuildFile; fileRef = B4C2B75717C6271C001B95F3 /* Foundation.framework */; };
		B4C2B75A17C6271C001B95F3 /* CoreGraphics.framework in Frameworks */ = {isa = PBXBuildFile; fileRef = B4C2B75917C6271C001B95F3 /* CoreGraphics.framework */; };
		B4C2B75C17C6271C001B95F3 /* UIKit.framework in Frameworks */ = {isa = PBXBuildFile; fileRef = B4C2B75B17C6271C001B95F3 /* UIKit.framework */; };
		B4C2B76217C6271C001B95F3 /* InfoPlist.strings in Resources */ = {isa = PBXBuildFile; fileRef = B4C2B76017C6271C001B95F3 /* InfoPlist.strings */; };
		B4C2B76417C6271C001B95F3 /* main.m in Sources */ = {isa = PBXBuildFile; fileRef = B4C2B76317C6271C001B95F3 /* main.m */; };
		B4C2B76817C6271C001B95F3 /* ASMAppDelegate.m in Sources */ = {isa = PBXBuildFile; fileRef = B4C2B76717C6271C001B95F3 /* ASMAppDelegate.m */; };
		B4C2B76E17C6271C001B95F3 /* ASMCropImageViewController.m in Sources */ = {isa = PBXBuildFile; fileRef = B4C2B76D17C6271C001B95F3 /* ASMCropImageViewController.m */; };
		B4C2B77017C6271C001B95F3 /* Images.xcassets in Resources */ = {isa = PBXBuildFile; fileRef = B4C2B76F17C6271C001B95F3 /* Images.xcassets */; };
		B4C2B77717C6271C001B95F3 /* XCTest.framework in Frameworks */ = {isa = PBXBuildFile; fileRef = B4C2B77617C6271C001B95F3 /* XCTest.framework */; };
		B4C2B77817C6271C001B95F3 /* Foundation.framework in Frameworks */ = {isa = PBXBuildFile; fileRef = B4C2B75717C6271C001B95F3 /* Foundation.framework */; };
		B4C2B77917C6271C001B95F3 /* UIKit.framework in Frameworks */ = {isa = PBXBuildFile; fileRef = B4C2B75B17C6271C001B95F3 /* UIKit.framework */; };
		B4C2B78117C6271C001B95F3 /* InfoPlist.strings in Resources */ = {isa = PBXBuildFile; fileRef = B4C2B77F17C6271C001B95F3 /* InfoPlist.strings */; };
		B4C2B78317C6271C001B95F3 /* ASMCropViewControllerTests.m in Sources */ = {isa = PBXBuildFile; fileRef = B4C2B78217C6271C001B95F3 /* ASMCropViewControllerTests.m */; };
/* End PBXBuildFile section */

/* Begin PBXContainerItemProxy section */
		B4C2B77A17C6271C001B95F3 /* PBXContainerItemProxy */ = {
			isa = PBXContainerItemProxy;
			containerPortal = B4C2B74C17C6271C001B95F3 /* Project object */;
			proxyType = 1;
			remoteGlobalIDString = B4C2B75317C6271C001B95F3;
			remoteInfo = ASMCropViewController;
		};
/* End PBXContainerItemProxy section */

/* Begin PBXFileReference section */
		B494246917C63EA6004308A1 /* IMG_7999.jpg */ = {isa = PBXFileReference; lastKnownFileType = image.jpeg; path = IMG_7999.jpg; sourceTree = "<group>"; };
		B494246B17C6445D004308A1 /* ASMImageCropView.h */ = {isa = PBXFileReference; fileEncoding = 4; lastKnownFileType = sourcecode.c.h; path = ASMImageCropView.h; sourceTree = "<group>"; };
		B494246C17C6445D004308A1 /* ASMImageCropView.m */ = {isa = PBXFileReference; fileEncoding = 4; lastKnownFileType = sourcecode.c.objc; path = ASMImageCropView.m; sourceTree = "<group>"; };
		B4C2B75417C6271C001B95F3 /* ASMCropViewController.app */ = {isa = PBXFileReference; explicitFileType = wrapper.application; includeInIndex = 0; path = ASMCropViewController.app; sourceTree = BUILT_PRODUCTS_DIR; };
		B4C2B75717C6271C001B95F3 /* Foundation.framework */ = {isa = PBXFileReference; lastKnownFileType = wrapper.framework; name = Foundation.framework; path = System/Library/Frameworks/Foundation.framework; sourceTree = SDKROOT; };
		B4C2B75917C6271C001B95F3 /* CoreGraphics.framework */ = {isa = PBXFileReference; lastKnownFileType = wrapper.framework; name = CoreGraphics.framework; path = System/Library/Frameworks/CoreGraphics.framework; sourceTree = SDKROOT; };
		B4C2B75B17C6271C001B95F3 /* UIKit.framework */ = {isa = PBXFileReference; lastKnownFileType = wrapper.framework; name = UIKit.framework; path = System/Library/Frameworks/UIKit.framework; sourceTree = SDKROOT; };
		B4C2B75F17C6271C001B95F3 /* ASMCropViewController-Info.plist */ = {isa = PBXFileReference; lastKnownFileType = text.plist.xml; path = "ASMCropViewController-Info.plist"; sourceTree = "<group>"; };
		B4C2B76117C6271C001B95F3 /* en */ = {isa = PBXFileReference; lastKnownFileType = text.plist.strings; name = en; path = en.lproj/InfoPlist.strings; sourceTree = "<group>"; };
		B4C2B76317C6271C001B95F3 /* main.m */ = {isa = PBXFileReference; lastKnownFileType = sourcecode.c.objc; path = main.m; sourceTree = "<group>"; };
		B4C2B76517C6271C001B95F3 /* ASMCropViewController-Prefix.pch */ = {isa = PBXFileReference; lastKnownFileType = sourcecode.c.h; path = "ASMCropViewController-Prefix.pch"; sourceTree = "<group>"; };
		B4C2B76617C6271C001B95F3 /* ASMAppDelegate.h */ = {isa = PBXFileReference; lastKnownFileType = sourcecode.c.h; path = ASMAppDelegate.h; sourceTree = "<group>"; };
		B4C2B76717C6271C001B95F3 /* ASMAppDelegate.m */ = {isa = PBXFileReference; lastKnownFileType = sourcecode.c.objc; path = ASMAppDelegate.m; sourceTree = "<group>"; };
		B4C2B76C17C6271C001B95F3 /* ASMCropImageViewController.h */ = {isa = PBXFileReference; lastKnownFileType = sourcecode.c.h; path = ASMCropImageViewController.h; sourceTree = "<group>"; };
		B4C2B76D17C6271C001B95F3 /* ASMCropImageViewController.m */ = {isa = PBXFileReference; lastKnownFileType = sourcecode.c.objc; path = ASMCropImageViewController.m; sourceTree = "<group>"; };
		B4C2B76F17C6271C001B95F3 /* Images.xcassets */ = {isa = PBXFileReference; lastKnownFileType = folder.assetcatalog; path = Images.xcassets; sourceTree = "<group>"; };
		B4C2B77517C6271C001B95F3 /* ASMCropViewControllerTests.xctest */ = {isa = PBXFileReference; explicitFileType = wrapper.cfbundle; includeInIndex = 0; path = ASMCropViewControllerTests.xctest; sourceTree = BUILT_PRODUCTS_DIR; };
		B4C2B77617C6271C001B95F3 /* XCTest.framework */ = {isa = PBXFileReference; lastKnownFileType = wrapper.framework; name = XCTest.framework; path = Library/Frameworks/XCTest.framework; sourceTree = DEVELOPER_DIR; };
		B4C2B77E17C6271C001B95F3 /* ASMCropViewControllerTests-Info.plist */ = {isa = PBXFileReference; lastKnownFileType = text.plist.xml; path = "ASMCropViewControllerTests-Info.plist"; sourceTree = "<group>"; };
		B4C2B78017C6271C001B95F3 /* en */ = {isa = PBXFileReference; lastKnownFileType = text.plist.strings; name = en; path = en.lproj/InfoPlist.strings; sourceTree = "<group>"; };
		B4C2B78217C6271C001B95F3 /* ASMCropViewControllerTests.m */ = {isa = PBXFileReference; lastKnownFileType = sourcecode.c.objc; path = ASMCropViewControllerTests.m; sourceTree = "<group>"; };
/* End PBXFileReference section */

/* Begin PBXFrameworksBuildPhase section */
		B4C2B75117C6271C001B95F3 /* Frameworks */ = {
			isa = PBXFrameworksBuildPhase;
			buildActionMask = 2147483647;
			files = (
				B4C2B75A17C6271C001B95F3 /* CoreGraphics.framework in Frameworks */,
				B4C2B75C17C6271C001B95F3 /* UIKit.framework in Frameworks */,
				B4C2B75817C6271C001B95F3 /* Foundation.framework in Frameworks */,
			);
			runOnlyForDeploymentPostprocessing = 0;
		};
		B4C2B77217C6271C001B95F3 /* Frameworks */ = {
			isa = PBXFrameworksBuildPhase;
			buildActionMask = 2147483647;
			files = (
				B4C2B77717C6271C001B95F3 /* XCTest.framework in Frameworks */,
				B4C2B77917C6271C001B95F3 /* UIKit.framework in Frameworks */,
				B4C2B77817C6271C001B95F3 /* Foundation.framework in Frameworks */,
			);
			runOnlyForDeploymentPostprocessing = 0;
		};
/* End PBXFrameworksBuildPhase section */

/* Begin PBXGroup section */
		B4C2B74B17C6271C001B95F3 = {
			isa = PBXGroup;
			children = (
				B4C2B75D17C6271C001B95F3 /* ASMCropViewController */,
				B4C2B77C17C6271C001B95F3 /* ASMCropViewControllerTests */,
				B4C2B75617C6271C001B95F3 /* Frameworks */,
				B4C2B75517C6271C001B95F3 /* Products */,
			);
			sourceTree = "<group>";
		};
		B4C2B75517C6271C001B95F3 /* Products */ = {
			isa = PBXGroup;
			children = (
				B4C2B75417C6271C001B95F3 /* ASMCropViewController.app */,
				B4C2B77517C6271C001B95F3 /* ASMCropViewControllerTests.xctest */,
			);
			name = Products;
			sourceTree = "<group>";
		};
		B4C2B75617C6271C001B95F3 /* Frameworks */ = {
			isa = PBXGroup;
			children = (
				B4C2B75717C6271C001B95F3 /* Foundation.framework */,
				B4C2B75917C6271C001B95F3 /* CoreGraphics.framework */,
				B4C2B75B17C6271C001B95F3 /* UIKit.framework */,
				B4C2B77617C6271C001B95F3 /* XCTest.framework */,
			);
			name = Frameworks;
			sourceTree = "<group>";
		};
		B4C2B75D17C6271C001B95F3 /* ASMCropViewController */ = {
			isa = PBXGroup;
			children = (
				B494246917C63EA6004308A1 /* IMG_7999.jpg */,
				B4C2B76617C6271C001B95F3 /* ASMAppDelegate.h */,
				B4C2B76717C6271C001B95F3 /* ASMAppDelegate.m */,
				B4C2B76C17C6271C001B95F3 /* ASMCropImageViewController.h */,
				B4C2B76D17C6271C001B95F3 /* ASMCropImageViewController.m */,
				B494246B17C6445D004308A1 /* ASMImageCropView.h */,
				B494246C17C6445D004308A1 /* ASMImageCropView.m */,
				B4C2B76F17C6271C001B95F3 /* Images.xcassets */,
				B4C2B75E17C6271C001B95F3 /* Supporting Files */,
			);
			path = ASMCropViewController;
			sourceTree = "<group>";
		};
		B4C2B75E17C6271C001B95F3 /* Supporting Files */ = {
			isa = PBXGroup;
			children = (
				B4C2B75F17C6271C001B95F3 /* ASMCropViewController-Info.plist */,
				B4C2B76017C6271C001B95F3 /* InfoPlist.strings */,
				B4C2B76317C6271C001B95F3 /* main.m */,
				B4C2B76517C6271C001B95F3 /* ASMCropViewController-Prefix.pch */,
			);
			name = "Supporting Files";
			sourceTree = "<group>";
		};
		B4C2B77C17C6271C001B95F3 /* ASMCropViewControllerTests */ = {
			isa = PBXGroup;
			children = (
				B4C2B78217C6271C001B95F3 /* ASMCropViewControllerTests.m */,
				B4C2B77D17C6271C001B95F3 /* Supporting Files */,
			);
			path = ASMCropViewControllerTests;
			sourceTree = "<group>";
		};
		B4C2B77D17C6271C001B95F3 /* Supporting Files */ = {
			isa = PBXGroup;
			children = (
				B4C2B77E17C6271C001B95F3 /* ASMCropViewControllerTests-Info.plist */,
				B4C2B77F17C6271C001B95F3 /* InfoPlist.strings */,
			);
			name = "Supporting Files";
			sourceTree = "<group>";
		};
/* End PBXGroup section */

/* Begin PBXNativeTarget section */
		B4C2B75317C6271C001B95F3 /* ASMCropViewController */ = {
			isa = PBXNativeTarget;
			buildConfigurationList = B4C2B78617C6271C001B95F3 /* Build configuration list for PBXNativeTarget "ASMCropViewController" */;
			buildPhases = (
				B4C2B75017C6271C001B95F3 /* Sources */,
				B4C2B75117C6271C001B95F3 /* Frameworks */,
				B4C2B75217C6271C001B95F3 /* Resources */,
			);
			buildRules = (
			);
			dependencies = (
			);
			name = ASMCropViewController;
			productName = ASMCropViewController;
			productReference = B4C2B75417C6271C001B95F3 /* ASMCropViewController.app */;
			productType = "com.apple.product-type.application";
		};
		B4C2B77417C6271C001B95F3 /* ASMCropViewControllerTests */ = {
			isa = PBXNativeTarget;
			buildConfigurationList = B4C2B78917C6271C001B95F3 /* Build configuration list for PBXNativeTarget "ASMCropViewControllerTests" */;
			buildPhases = (
				B4C2B77117C6271C001B95F3 /* Sources */,
				B4C2B77217C6271C001B95F3 /* Frameworks */,
				B4C2B77317C6271C001B95F3 /* Resources */,
			);
			buildRules = (
			);
			dependencies = (
				B4C2B77B17C6271C001B95F3 /* PBXTargetDependency */,
			);
			name = ASMCropViewControllerTests;
			productName = ASMCropViewControllerTests;
			productReference = B4C2B77517C6271C001B95F3 /* ASMCropViewControllerTests.xctest */;
			productType = "com.apple.product-type.bundle.unit-test";
		};
/* End PBXNativeTarget section */

/* Begin PBXProject section */
		B4C2B74C17C6271C001B95F3 /* Project object */ = {
			isa = PBXProject;
			attributes = {
				CLASSPREFIX = ASM;
				LastUpgradeCheck = 0500;
				ORGANIZATIONNAME = "Andy Molloy";
				TargetAttributes = {
					B4C2B77417C6271C001B95F3 = {
						TestTargetID = B4C2B75317C6271C001B95F3;
					};
				};
			};
			buildConfigurationList = B4C2B74F17C6271C001B95F3 /* Build configuration list for PBXProject "ASMCropViewController" */;
			compatibilityVersion = "Xcode 3.2";
			developmentRegion = English;
			hasScannedForEncodings = 0;
			knownRegions = (
				en,
				Base,
			);
			mainGroup = B4C2B74B17C6271C001B95F3;
			productRefGroup = B4C2B75517C6271C001B95F3 /* Products */;
			projectDirPath = "";
			projectRoot = "";
			targets = (
				B4C2B75317C6271C001B95F3 /* ASMCropViewController */,
				B4C2B77417C6271C001B95F3 /* ASMCropViewControllerTests */,
			);
		};
/* End PBXProject section */

/* Begin PBXResourcesBuildPhase section */
		B4C2B75217C6271C001B95F3 /* Resources */ = {
			isa = PBXResourcesBuildPhase;
			buildActionMask = 2147483647;
			files = (
				B4C2B77017C6271C001B95F3 /* Images.xcassets in Resources */,
				B4C2B76217C6271C001B95F3 /* InfoPlist.strings in Resources */,
				B494246A17C63EA7004308A1 /* IMG_7999.jpg in Resources */,
			);
			runOnlyForDeploymentPostprocessing = 0;
		};
		B4C2B77317C6271C001B95F3 /* Resources */ = {
			isa = PBXResourcesBuildPhase;
			buildActionMask = 2147483647;
			files = (
				B4C2B78117C6271C001B95F3 /* InfoPlist.strings in Resources */,
			);
			runOnlyForDeploymentPostprocessing = 0;
		};
/* End PBXResourcesBuildPhase section */

/* Begin PBXSourcesBuildPhase section */
		B4C2B75017C6271C001B95F3 /* Sources */ = {
			isa = PBXSourcesBuildPhase;
			buildActionMask = 2147483647;
			files = (
				B494246D17C6445D004308A1 /* ASMImageCropView.m in Sources */,
				B4C2B76817C6271C001B95F3 /* ASMAppDelegate.m in Sources */,
				B4C2B76417C6271C001B95F3 /* main.m in Sources */,
				B4C2B76E17C6271C001B95F3 /* ASMCropImageViewController.m in Sources */,
			);
			runOnlyForDeploymentPostprocessing = 0;
		};
		B4C2B77117C6271C001B95F3 /* Sources */ = {
			isa = PBXSourcesBuildPhase;
			buildActionMask = 2147483647;
			files = (
				B4C2B78317C6271C001B95F3 /* ASMCropViewControllerTests.m in Sources */,
			);
			runOnlyForDeploymentPostprocessing = 0;
		};
/* End PBXSourcesBuildPhase section */

/* Begin PBXTargetDependency section */
		B4C2B77B17C6271C001B95F3 /* PBXTargetDependency */ = {
			isa = PBXTargetDependency;
			target = B4C2B75317C6271C001B95F3 /* ASMCropViewController */;
			targetProxy = B4C2B77A17C6271C001B95F3 /* PBXContainerItemProxy */;
		};
/* End PBXTargetDependency section */

/* Begin PBXVariantGroup section */
		B4C2B76017C6271C001B95F3 /* InfoPlist.strings */ = {
			isa = PBXVariantGroup;
			children = (
				B4C2B76117C6271C001B95F3 /* en */,
			);
			name = InfoPlist.strings;
			sourceTree = "<group>";
		};
		B4C2B77F17C6271C001B95F3 /* InfoPlist.strings */ = {
			isa = PBXVariantGroup;
			children = (
				B4C2B78017C6271C001B95F3 /* en */,
			);
			name = InfoPlist.strings;
			sourceTree = "<group>";
		};
/* End PBXVariantGroup section */

/* Begin XCBuildConfiguration section */
		B4C2B78417C6271C001B95F3 /* Debug */ = {
			isa = XCBuildConfiguration;
			buildSettings = {
				ALWAYS_SEARCH_USER_PATHS = NO;
				CLANG_CXX_LANGUAGE_STANDARD = "gnu++0x";
				CLANG_CXX_LIBRARY = "libc++";
				CLANG_ENABLE_MODULES = YES;
				CLANG_ENABLE_OBJC_ARC = YES;
				CLANG_WARN_BOOL_CONVERSION = YES;
				CLANG_WARN_CONSTANT_CONVERSION = YES;
				CLANG_WARN_DIRECT_OBJC_ISA_USAGE = YES_ERROR;
				CLANG_WARN_EMPTY_BODY = YES;
				CLANG_WARN_ENUM_CONVERSION = YES;
				CLANG_WARN_INT_CONVERSION = YES;
				CLANG_WARN_OBJC_ROOT_CLASS = YES_ERROR;
				CLANG_WARN__DUPLICATE_METHOD_MATCH = YES;
				"CODE_SIGN_IDENTITY[sdk=iphoneos*]" = "iPhone Developer";
				COPY_PHASE_STRIP = NO;
				GCC_C_LANGUAGE_STANDARD = gnu99;
				GCC_DYNAMIC_NO_PIC = NO;
				GCC_OPTIMIZATION_LEVEL = 0;
				GCC_PREPROCESSOR_DEFINITIONS = (
					"DEBUG=1",
					"$(inherited)",
				);
				GCC_SYMBOLS_PRIVATE_EXTERN = NO;
				GCC_TREAT_WARNINGS_AS_ERRORS = YES;
				GCC_WARN_64_TO_32_BIT_CONVERSION = YES;
				GCC_WARN_ABOUT_MISSING_FIELD_INITIALIZERS = YES;
				GCC_WARN_ABOUT_MISSING_NEWLINE = YES;
				GCC_WARN_ABOUT_RETURN_TYPE = YES_ERROR;
				GCC_WARN_INITIALIZER_NOT_FULLY_BRACKETED = YES;
				GCC_WARN_SHADOW = YES;
				GCC_WARN_SIGN_COMPARE = YES;
				GCC_WARN_UNDECLARED_SELECTOR = YES;
				GCC_WARN_UNINITIALIZED_AUTOS = YES;
				GCC_WARN_UNUSED_FUNCTION = YES;
				GCC_WARN_UNUSED_LABEL = YES;
				GCC_WARN_UNUSED_VARIABLE = YES;
				IPHONEOS_DEPLOYMENT_TARGET = 7.0;
				ONLY_ACTIVE_ARCH = YES;
				SDKROOT = iphoneos;
			};
			name = Debug;
		};
		B4C2B78517C6271C001B95F3 /* Release */ = {
			isa = XCBuildConfiguration;
			buildSettings = {
				ALWAYS_SEARCH_USER_PATHS = NO;
				CLANG_CXX_LANGUAGE_STANDARD = "gnu++0x";
				CLANG_CXX_LIBRARY = "libc++";
				CLANG_ENABLE_MODULES = YES;
				CLANG_ENABLE_OBJC_ARC = YES;
				CLANG_WARN_BOOL_CONVERSION = YES;
				CLANG_WARN_CONSTANT_CONVERSION = YES;
				CLANG_WARN_DIRECT_OBJC_ISA_USAGE = YES_ERROR;
				CLANG_WARN_EMPTY_BODY = YES;
				CLANG_WARN_ENUM_CONVERSION = YES;
				CLANG_WARN_INT_CONVERSION = YES;
				CLANG_WARN_OBJC_ROOT_CLASS = YES_ERROR;
				CLANG_WARN__DUPLICATE_METHOD_MATCH = YES;
				"CODE_SIGN_IDENTITY[sdk=iphoneos*]" = "iPhone Developer";
				COPY_PHASE_STRIP = YES;
				ENABLE_NS_ASSERTIONS = NO;
				GCC_C_LANGUAGE_STANDARD = gnu99;
				GCC_TREAT_WARNINGS_AS_ERRORS = YES;
				GCC_WARN_64_TO_32_BIT_CONVERSION = YES;
				GCC_WARN_ABOUT_MISSING_FIELD_INITIALIZERS = YES;
				GCC_WARN_ABOUT_MISSING_NEWLINE = YES;
				GCC_WARN_ABOUT_RETURN_TYPE = YES_ERROR;
				GCC_WARN_INITIALIZER_NOT_FULLY_BRACKETED = YES;
				GCC_WARN_SHADOW = YES;
				GCC_WARN_SIGN_COMPARE = YES;
				GCC_WARN_UNDECLARED_SELECTOR = YES;
				GCC_WARN_UNINITIALIZED_AUTOS = YES;
				GCC_WARN_UNUSED_FUNCTION = YES;
				GCC_WARN_UNUSED_LABEL = YES;
				GCC_WARN_UNUSED_VARIABLE = YES;
				IPHONEOS_DEPLOYMENT_TARGET = 7.0;
				RUN_CLANG_STATIC_ANALYZER = YES;
				SDKROOT = iphoneos;
				VALIDATE_PRODUCT = YES;
			};
			name = Release;
		};
		B4C2B78717C6271C001B95F3 /* Debug */ = {
			isa = XCBuildConfiguration;
			buildSettings = {
				ASSETCATALOG_COMPILER_APPICON_NAME = AppIcon;
				ASSETCATALOG_COMPILER_LAUNCHIMAGE_NAME = LaunchImage;
				GCC_PRECOMPILE_PREFIX_HEADER = YES;
				GCC_PREFIX_HEADER = "ASMCropViewController/ASMCropViewController-Prefix.pch";
				INFOPLIST_FILE = "ASMCropViewController/ASMCropViewController-Info.plist";
				PRODUCT_NAME = "$(TARGET_NAME)";
				WRAPPER_EXTENSION = app;
			};
			name = Debug;
		};
		B4C2B78817C6271C001B95F3 /* Release */ = {
			isa = XCBuildConfiguration;
			buildSettings = {
				ASSETCATALOG_COMPILER_APPICON_NAME = AppIcon;
				ASSETCATALOG_COMPILER_LAUNCHIMAGE_NAME = LaunchImage;
				GCC_PRECOMPILE_PREFIX_HEADER = YES;
				GCC_PREFIX_HEADER = "ASMCropViewController/ASMCropViewController-Prefix.pch";
				INFOPLIST_FILE = "ASMCropViewController/ASMCropViewController-Info.plist";
				PRODUCT_NAME = "$(TARGET_NAME)";
				WRAPPER_EXTENSION = app;
			};
			name = Release;
		};
		B4C2B78A17C6271C001B95F3 /* Debug */ = {
			isa = XCBuildConfiguration;
			buildSettings = {
				BUNDLE_LOADER = "$(BUILT_PRODUCTS_DIR)/ASMCropViewController.app/ASMCropViewController";
				FRAMEWORK_SEARCH_PATHS = (
					"$(SDKROOT)/Developer/Library/Frameworks",
					"$(inherited)",
					"$(DEVELOPER_FRAMEWORKS_DIR)",
				);
				GCC_PRECOMPILE_PREFIX_HEADER = YES;
				GCC_PREFIX_HEADER = "ASMCropViewController/ASMCropViewController-Prefix.pch";
				GCC_PREPROCESSOR_DEFINITIONS = (
					"DEBUG=1",
					"$(inherited)",
				);
				INFOPLIST_FILE = "ASMCropViewControllerTests/ASMCropViewControllerTests-Info.plist";
				PRODUCT_NAME = "$(TARGET_NAME)";
				TEST_HOST = "$(BUNDLE_LOADER)";
				WRAPPER_EXTENSION = xctest;
			};
			name = Debug;
		};
		B4C2B78B17C6271C001B95F3 /* Release */ = {
			isa = XCBuildConfiguration;
			buildSettings = {
				BUNDLE_LOADER = "$(BUILT_PRODUCTS_DIR)/ASMCropViewController.app/ASMCropViewController";
				FRAMEWORK_SEARCH_PATHS = (
					"$(SDKROOT)/Developer/Library/Frameworks",
					"$(inherited)",
					"$(DEVELOPER_FRAMEWORKS_DIR)",
				);
				GCC_PRECOMPILE_PREFIX_HEADER = YES;
				GCC_PREFIX_HEADER = "ASMCropViewController/ASMCropViewController-Prefix.pch";
				INFOPLIST_FILE = "ASMCropViewControllerTests/ASMCropViewControllerTests-Info.plist";
				PRODUCT_NAME = "$(TARGET_NAME)";
				TEST_HOST = "$(BUNDLE_LOADER)";
				WRAPPER_EXTENSION = xctest;
			};
			name = Release;
		};
/* End XCBuildConfiguration section */

/* Begin XCConfigurationList section */
		B4C2B74F17C6271C001B95F3 /* Build configuration list for PBXProject "ASMCropViewController" */ = {
			isa = XCConfigurationList;
			buildConfigurations = (
				B4C2B78417C6271C001B95F3 /* Debug */,
				B4C2B78517C6271C001B95F3 /* Release */,
			);
			defaultConfigurationIsVisible = 0;
			defaultConfigurationName = Release;
		};
		B4C2B78617C6271C001B95F3 /* Build configuration list for PBXNativeTarget "ASMCropViewController" */ = {
			isa = XCConfigurationList;
			buildConfigurations = (
				B4C2B78717C6271C001B95F3 /* Debug */,
				B4C2B78817C6271C001B95F3 /* Release */,
			);
			defaultConfigurationIsVisible = 0;
			defaultConfigurationName = Release;
		};
		B4C2B78917C6271C001B95F3 /* Build configuration list for PBXNativeTarget "ASMCropViewControllerTests" */ = {
			isa = XCConfigurationList;
			buildConfigurations = (
				B4C2B78A17C6271C001B95F3 /* Debug */,
				B4C2B78B17C6271C001B95F3 /* Release */,
			);
			defaultConfigurationIsVisible = 0;
			defaultConfigurationName = Release;
		};
/* End XCConfigurationList section */
	};
	rootObject = B4C2B74C17C6271C001B95F3 /* Project object */;
}
